// !$*UTF8*$!
{
	archiveVersion = 1;
	classes = {
	};
	objectVersion = 46;
	objects = {

/* Begin PBXBuildFile section */
		8024F28E19C125350008809B /* AppDelegate.swift in Sources */ = {isa = PBXBuildFile; fileRef = 8024F28D19C125350008809B /* AppDelegate.swift */; };
		8024F29019C125350008809B /* ViewController.swift in Sources */ = {isa = PBXBuildFile; fileRef = 8024F28F19C125350008809B /* ViewController.swift */; };
		8024F29319C125350008809B /* Main.storyboard in Resources */ = {isa = PBXBuildFile; fileRef = 8024F29119C125350008809B /* Main.storyboard */; };
		8024F29519C125350008809B /* Images.xcassets in Resources */ = {isa = PBXBuildFile; fileRef = 8024F29419C125350008809B /* Images.xcassets */; };
		8024F29819C125350008809B /* LaunchScreen.xib in Resources */ = {isa = PBXBuildFile; fileRef = 8024F29619C125350008809B /* LaunchScreen.xib */; };
		8024F2A419C125350008809B /* Hello_World_SwiftTests.swift in Sources */ = {isa = PBXBuildFile; fileRef = 8024F2A319C125350008809B /* Hello_World_SwiftTests.swift */; };
/* End PBXBuildFile section */

/* Begin PBXContainerItemProxy section */
		8024F29E19C125350008809B /* PBXContainerItemProxy */ = {
			isa = PBXContainerItemProxy;
			containerPortal = 8024F28019C125350008809B /* Project object */;
			proxyType = 1;
			remoteGlobalIDString = 8024F28719C125350008809B;
			remoteInfo = "Hello World Swift";
		};
/* End PBXContainerItemProxy section */

/* Begin PBXFileReference section */
		8024F28819C125350008809B /* Hello World Swift.app */ = {isa = PBXFileReference; explicitFileType = wrapper.application; includeInIndex = 0; path = "Hello World Swift.app"; sourceTree = BUILT_PRODUCTS_DIR; };
		8024F28C19C125350008809B /* Info.plist */ = {isa = PBXFileReference; lastKnownFileType = text.plist.xml; path = Info.plist; sourceTree = "<group>"; };
		8024F28D19C125350008809B /* AppDelegate.swift */ = {isa = PBXFileReference; lastKnownFileType = sourcecode.swift; path = AppDelegate.swift; sourceTree = "<group>"; };
		8024F28F19C125350008809B /* ViewController.swift */ = {isa = PBXFileReference; lastKnownFileType = sourcecode.swift; path = ViewController.swift; sourceTree = "<group>"; };
		8024F29219C125350008809B /* Base */ = {isa = PBXFileReference; lastKnownFileType = file.storyboard; name = Base; path = Base.lproj/Main.storyboard; sourceTree = "<group>"; };
		8024F29419C125350008809B /* Images.xcassets */ = {isa = PBXFileReference; lastKnownFileType = folder.assetcatalog; path = Images.xcassets; sourceTree = "<group>"; };
		8024F29719C125350008809B /* Base */ = {isa = PBXFileReference; lastKnownFileType = file.xib; name = Base; path = Base.lproj/LaunchScreen.xib; sourceTree = "<group>"; };
		8024F29D19C125350008809B /* Hello World SwiftTests.xctest */ = {isa = PBXFileReference; explicitFileType = wrapper.cfbundle; includeInIndex = 0; path = "Hello World SwiftTests.xctest"; sourceTree = BUILT_PRODUCTS_DIR; };
		8024F2A219C125350008809B /* Info.plist */ = {isa = PBXFileReference; lastKnownFileType = text.plist.xml; path = Info.plist; sourceTree = "<group>"; };
		8024F2A319C125350008809B /* Hello_World_SwiftTests.swift */ = {isa = PBXFileReference; lastKnownFileType = sourcecode.swift; path = Hello_World_SwiftTests.swift; sourceTree = "<group>"; };
/* End PBXFileReference section */

/* Begin PBXFrameworksBuildPhase section */
		8024F28519C125350008809B /* Frameworks */ = {
			isa = PBXFrameworksBuildPhase;
			buildActionMask = 2147483647;
			files = (
			);
			runOnlyForDeploymentPostprocessing = 0;
		};
		8024F29A19C125350008809B /* Frameworks */ = {
			isa = PBXFrameworksBuildPhase;
			buildActionMask = 2147483647;
			files = (
			);
			runOnlyForDeploymentPostprocessing = 0;
		};
/* End PBXFrameworksBuildPhase section */

/* Begin PBXGroup section */
		8024F27F19C125350008809B = {
			isa = PBXGroup;
			children = (
				8024F28A19C125350008809B /* Hello World Swift */,
				8024F2A019C125350008809B /* Hello World SwiftTests */,
				8024F28919C125350008809B /* Products */,
			);
			sourceTree = "<group>";
		};
		8024F28919C125350008809B /* Products */ = {
			isa = PBXGroup;
			children = (
				8024F28819C125350008809B /* Hello World Swift.app */,
				8024F29D19C125350008809B /* Hello World SwiftTests.xctest */,
			);
			name = Products;
			sourceTree = "<group>";
		};
		8024F28A19C125350008809B /* Hello World Swift */ = {
			isa = PBXGroup;
			children = (
				8024F28D19C125350008809B /* AppDelegate.swift */,
				8024F28F19C125350008809B /* ViewController.swift */,
				8024F29119C125350008809B /* Main.storyboard */,
				8024F29419C125350008809B /* Images.xcassets */,
				8024F29619C125350008809B /* LaunchScreen.xib */,
				8024F28B19C125350008809B /* Supporting Files */,
			);
			path = "Hello World Swift";
			sourceTree = "<group>";
		};
		8024F28B19C125350008809B /* Supporting Files */ = {
			isa = PBXGroup;
			children = (
				8024F28C19C125350008809B /* Info.plist */,
			);
			name = "Supporting Files";
			sourceTree = "<group>";
		};
		8024F2A019C125350008809B /* Hello World SwiftTests */ = {
			isa = PBXGroup;
			children = (
				8024F2A319C125350008809B /* Hello_World_SwiftTests.swift */,
				8024F2A119C125350008809B /* Supporting Files */,
			);
			path = "Hello World SwiftTests";
			sourceTree = "<group>";
		};
		8024F2A119C125350008809B /* Supporting Files */ = {
			isa = PBXGroup;
			children = (
				8024F2A219C125350008809B /* Info.plist */,
			);
			name = "Supporting Files";
			sourceTree = "<group>";
		};
/* End PBXGroup section */

/* Begin PBXNativeTarget section */
		8024F28719C125350008809B /* Hello World Swift */ = {
			isa = PBXNativeTarget;
			buildConfigurationList = 8024F2A719C125350008809B /* Build configuration list for PBXNativeTarget "Hello World Swift" */;
			buildPhases = (
				8024F28419C125350008809B /* Sources */,
				8024F28519C125350008809B /* Frameworks */,
				8024F28619C125350008809B /* Resources */,
			);
			buildRules = (
			);
			dependencies = (
			);
			name = "Hello World Swift";
			productName = "Hello World Swift";
			productReference = 8024F28819C125350008809B /* Hello World Swift.app */;
			productType = "com.apple.product-type.application";
		};
		8024F29C19C125350008809B /* Hello World SwiftTests */ = {
			isa = PBXNativeTarget;
			buildConfigurationList = 8024F2AA19C125350008809B /* Build configuration list for PBXNativeTarget "Hello World SwiftTests" */;
			buildPhases = (
				8024F29919C125350008809B /* Sources */,
				8024F29A19C125350008809B /* Frameworks */,
				8024F29B19C125350008809B /* Resources */,
			);
			buildRules = (
			);
			dependencies = (
				8024F29F19C125350008809B /* PBXTargetDependency */,
			);
			name = "Hello World SwiftTests";
			productName = "Hello World SwiftTests";
			productReference = 8024F29D19C125350008809B /* Hello World SwiftTests.xctest */;
			productType = "com.apple.product-type.bundle.unit-test";
		};
/* End PBXNativeTarget section */

/* Begin PBXProject section */
		8024F28019C125350008809B /* Project object */ = {
			isa = PBXProject;
			attributes = {
				LastUpgradeCheck = 0600;
				ORGANIZATIONNAME = KingKal;
				TargetAttributes = {
					8024F28719C125350008809B = {
						CreatedOnToolsVersion = 6.1;
					};
					8024F29C19C125350008809B = {
						CreatedOnToolsVersion = 6.1;
						TestTargetID = 8024F28719C125350008809B;
					};
				};
			};
			buildConfigurationList = 8024F28319C125350008809B /* Build configuration list for PBXProject "Hello World Swift" */;
			compatibilityVersion = "Xcode 3.2";
			developmentRegion = English;
			hasScannedForEncodings = 0;
			knownRegions = (
				en,
				Base,
			);
			mainGroup = 8024F27F19C125350008809B;
			productRefGroup = 8024F28919C125350008809B /* Products */;
			projectDirPath = "";
			projectRoot = "";
			targets = (
				8024F28719C125350008809B /* Hello World Swift */,
				8024F29C19C125350008809B /* Hello World SwiftTests */,
			);
		};
/* End PBXProject section */

/* Begin PBXResourcesBuildPhase section */
		8024F28619C125350008809B /* Resources */ = {
			isa = PBXResourcesBuildPhase;
			buildActionMask = 2147483647;
			files = (
				8024F29319C125350008809B /* Main.storyboard in Resources */,
				8024F29819C125350008809B /* LaunchScreen.xib in Resources */,
				8024F29519C125350008809B /* Images.xcassets in Resources */,
			);
			runOnlyForDeploymentPostprocessing = 0;
		};
		8024F29B19C125350008809B /* Resources */ = {
			isa = PBXResourcesBuildPhase;
			buildActionMask = 2147483647;
			files = (
			);
			runOnlyForDeploymentPostprocessing = 0;
		};
/* End PBXResourcesBuildPhase section */

/* Begin PBXSourcesBuildPhase section */
		8024F28419C125350008809B /* Sources */ = {
			isa = PBXSourcesBuildPhase;
			buildActionMask = 2147483647;
			files = (
				8024F29019C125350008809B /* ViewController.swift in Sources */,
				8024F28E19C125350008809B /* AppDelegate.swift in Sources */,
			);
			runOnlyForDeploymentPostprocessing = 0;
		};
		8024F29919C125350008809B /* Sources */ = {
			isa = PBXSourcesBuildPhase;
			buildActionMask = 2147483647;
			files = (
				8024F2A419C125350008809B /* Hello_World_SwiftTests.swift in Sources */,
			);
			runOnlyForDeploymentPostprocessing = 0;
		};
/* End PBXSourcesBuildPhase section */

/* Begin PBXTargetDependency section */
		8024F29F19C125350008809B /* PBXTargetDependency */ = {
			isa = PBXTargetDependency;
			target = 8024F28719C125350008809B /* Hello World Swift */;
			targetProxy = 8024F29E19C125350008809B /* PBXContainerItemProxy */;
		};
/* End PBXTargetDependency section */

/* Begin PBXVariantGroup section */
		8024F29119C125350008809B /* Main.storyboard */ = {
			isa = PBXVariantGroup;
			children = (
				8024F29219C125350008809B /* Base */,
			);
			name = Main.storyboard;
			sourceTree = "<group>";
		};
		8024F29619C125350008809B /* LaunchScreen.xib */ = {
			isa = PBXVariantGroup;
			children = (
				8024F29719C125350008809B /* Base */,
			);
			name = LaunchScreen.xib;
			sourceTree = "<group>";
		};
/* End PBXVariantGroup section */

/* Begin XCBuildConfiguration section */
		8024F2A519C125350008809B /* Debug */ = {
			isa = XCBuildConfiguration;
			buildSettings = {
				ALWAYS_SEARCH_USER_PATHS = NO;
				CLANG_CXX_LANGUAGE_STANDARD = "gnu++0x";
				CLANG_CXX_LIBRARY = "libc++";
				CLANG_ENABLE_MODULES = YES;
				CLANG_ENABLE_OBJC_ARC = YES;
				CLANG_WARN_BOOL_CONVERSION = YES;
				CLANG_WARN_CONSTANT_CONVERSION = YES;
				CLANG_WARN_DIRECT_OBJC_ISA_USAGE = YES_ERROR;
				CLANG_WARN_EMPTY_BODY = YES;
				CLANG_WARN_ENUM_CONVERSION = YES;
				CLANG_WARN_INT_CONVERSION = YES;
				CLANG_WARN_OBJC_ROOT_CLASS = YES_ERROR;
				CLANG_WARN_UNREACHABLE_CODE = YES;
				CLANG_WARN__DUPLICATE_METHOD_MATCH = YES;
				"CODE_SIGN_IDENTITY[sdk=iphoneos*]" = "iPhone Developer";
				COPY_PHASE_STRIP = NO;
				ENABLE_STRICT_OBJC_MSGSEND = YES;
				GCC_C_LANGUAGE_STANDARD = gnu99;
				GCC_DYNAMIC_NO_PIC = NO;
				GCC_OPTIMIZATION_LEVEL = 0;
				GCC_PREPROCESSOR_DEFINITIONS = (
					"DEBUG=1",
					"$(inherited)",
				);
				GCC_SYMBOLS_PRIVATE_EXTERN = NO;
				GCC_WARN_64_TO_32_BIT_CONVERSION = YES;
				GCC_WARN_ABOUT_RETURN_TYPE = YES_ERROR;
				GCC_WARN_UNDECLARED_SELECTOR = YES;
				GCC_WARN_UNINITIALIZED_AUTOS = YES_AGGRESSIVE;
				GCC_WARN_UNUSED_FUNCTION = YES;
				GCC_WARN_UNUSED_VARIABLE = YES;
				IPHONEOS_DEPLOYMENT_TARGET = 8.0;
				MTL_ENABLE_DEBUG_INFO = YES;
				ONLY_ACTIVE_ARCH = YES;
				SDKROOT = iphoneos;
				SWIFT_OPTIMIZATION_LEVEL = "-Onone";
			};
			name = Debug;
		};
		8024F2A619C125350008809B /* Release */ = {
			isa = XCBuildConfiguration;
			buildSettings = {
				ALWAYS_SEARCH_USER_PATHS = NO;
				CLANG_CXX_LANGUAGE_STANDARD = "gnu++0x";
				CLANG_CXX_LIBRARY = "libc++";
				CLANG_ENABLE_MODULES = YES;
				CLANG_ENABLE_OBJC_ARC = YES;
				CLANG_WARN_BOOL_CONVERSION = YES;
				CLANG_WARN_CONSTANT_CONVERSION = YES;
				CLANG_WARN_DIRECT_OBJC_ISA_USAGE = YES_ERROR;
				CLANG_WARN_EMPTY_BODY = YES;
				CLANG_WARN_ENUM_CONVERSION = YES;
				CLANG_WARN_INT_CONVERSION = YES;
				CLANG_WARN_OBJC_ROOT_CLASS = YES_ERROR;
				CLANG_WARN_UNREACHABLE_CODE = YES;
				CLANG_WARN__DUPLICATE_METHOD_MATCH = YES;
				"CODE_SIGN_IDENTITY[sdk=iphoneos*]" = "iPhone Developer";
				COPY_PHASE_STRIP = YES;
				ENABLE_NS_ASSERTIONS = NO;
				ENABLE_STRICT_OBJC_MSGSEND = YES;
				GCC_C_LANGUAGE_STANDARD = gnu99;
				GCC_WARN_64_TO_32_BIT_CONVERSION = YES;
				GCC_WARN_ABOUT_RETURN_TYPE = YES_ERROR;
				GCC_WARN_UNDECLARED_SELECTOR = YES;
				GCC_WARN_UNINITIALIZED_AUTOS = YES_AGGRESSIVE;
				GCC_WARN_UNUSED_FUNCTION = YES;
				GCC_WARN_UNUSED_VARIABLE = YES;
				IPHONEOS_DEPLOYMENT_TARGET = 8.0;
				MTL_ENABLE_DEBUG_INFO = NO;
				SDKROOT = iphoneos;
				VALIDATE_PRODUCT = YES;
			};
			name = Release;
		};
		8024F2A819C125350008809B /* Debug */ = {
			isa = XCBuildConfiguration;
			buildSettings = {
				ASSETCATALOG_COMPILER_APPICON_NAME = AppIcon;
				INFOPLIST_FILE = "Hello World Swift/Info.plist";
				LD_RUNPATH_SEARCH_PATHS = "$(inherited) @executable_path/Frameworks";
				PRODUCT_NAME = "$(TARGET_NAME)";
			};
			name = Debug;
		};
		8024F2A919C125350008809B /* Release */ = {
			isa = XCBuildConfiguration;
			buildSettings = {
				ASSETCATALOG_COMPILER_APPICON_NAME = AppIcon;
				INFOPLIST_FILE = "Hello World Swift/Info.plist";
				LD_RUNPATH_SEARCH_PATHS = "$(inherited) @executable_path/Frameworks";
				PRODUCT_NAME = "$(TARGET_NAME)";
			};
			name = Release;
		};
		8024F2AB19C125350008809B /* Debug */ = {
			isa = XCBuildConfiguration;
			buildSettings = {
				BUNDLE_LOADER = "$(TEST_HOST)";
				FRAMEWORK_SEARCH_PATHS = (
					"$(SDKROOT)/Developer/Library/Frameworks",
					"$(inherited)",
				);
				GCC_PREPROCESSOR_DEFINITIONS = (
					"DEBUG=1",
					"$(inherited)",
				);
				INFOPLIST_FILE = "Hello World SwiftTests/Info.plist";
				LD_RUNPATH_SEARCH_PATHS = "$(inherited) @executable_path/Frameworks @loader_path/Frameworks";
				PRODUCT_NAME = "$(TARGET_NAME)";
				TEST_HOST = "$(BUILT_PRODUCTS_DIR)/Hello World Swift.app/Hello World Swift";
			};
			name = Debug;
		};
		8024F2AC19C125350008809B /* Release */ = {
			isa = XCBuildConfiguration;
			buildSettings = {
				BUNDLE_LOADER = "$(TEST_HOST)";
				FRAMEWORK_SEARCH_PATHS = (
					"$(SDKROOT)/Developer/Library/Frameworks",
					"$(inherited)",
				);
				INFOPLIST_FILE = "Hello World SwiftTests/Info.plist";
				LD_RUNPATH_SEARCH_PATHS = "$(inherited) @executable_path/Frameworks @loader_path/Frameworks";
				PRODUCT_NAME = "$(TARGET_NAME)";
				TEST_HOST = "$(BUILT_PRODUCTS_DIR)/Hello World Swift.app/Hello World Swift";
			};
			name = Release;
		};
/* End XCBuildConfiguration section */

/* Begin XCConfigurationList section */
		8024F28319C125350008809B /* Build configuration list for PBXProject "Hello World Swift" */ = {
			isa = XCConfigurationList;
			buildConfigurations = (
				8024F2A519C125350008809B /* Debug */,
				8024F2A619C125350008809B /* Release */,
			);
			defaultConfigurationIsVisible = 0;
			defaultConfigurationName = Release;
		};
		8024F2A719C125350008809B /* Build configuration list for PBXNativeTarget "Hello World Swift" */ = {
			isa = XCConfigurationList;
			buildConfigurations = (
				8024F2A819C125350008809B /* Debug */,
				8024F2A919C125350008809B /* Release */,
			);
			defaultConfigurationIsVisible = 0;
		};
		8024F2AA19C125350008809B /* Build configuration list for PBXNativeTarget "Hello World SwiftTests" */ = {
			isa = XCConfigurationList;
			buildConfigurations = (
				8024F2AB19C125350008809B /* Debug */,
				8024F2AC19C125350008809B /* Release */,
			);
			defaultConfigurationIsVisible = 0;
		};
/* End XCConfigurationList section */
	};
	rootObject = 8024F28019C125350008809B /* Project object */;
}
